
Microsoft Visual Studio Solution File, Format Version 12.00
# Visual Studio Version 17
VisualStudioVersion = 17.4.33213.308
MinimumVisualStudioVersion = 10.0.40219.1
Project("{FAE04EC0-301F-11D3-BF4B-00C04F79EFBC}") = "jsgriddynamic", "jsgriddynamic\jsgriddynamic.csproj", "{75037804-1566-450D-95FC-39C9390F0A80}"
EndProject
Global
	GlobalSection(SolutionConfigurationPlatforms) = preSolution
		Debug|Any CPU = Debug|Any CPU
		Release|Any CPU = Release|Any CPU
	EndGlobalSection
	GlobalSection(ProjectConfigurationPlatforms) = postSolution
		{75037804-1566-450D-95FC-39C9390F0A80}.Debug|Any CPU.ActiveCfg = Debug|Any CPU
		{75037804-1566-450D-95FC-39C9390F0A80}.Debug|Any CPU.Build.0 = Debug|Any CPU
		{75037804-1566-450D-95FC-39C9390F0A80}.Release|Any CPU.ActiveCfg = Release|Any CPU
		{75037804-1566-450D-95FC-39C9390F0A80}.Release|Any CPU.Build.0 = Release|Any CPU
	EndGlobalSection
	GlobalSection(SolutionProperties) = preSolution
		HideSolutionNode = FALSE
	EndGlobalSection
	GlobalSection(ExtensibilityGlobals) = postSolution
		SolutionGuid = {5A7BACCA-EEC7-4809-9A69-015E98443131}
	EndGlobalSection
EndGlobal
